
Microsoft Visual Studio Solution File, Format Version 12.00
# Visual Studio Version 16
VisualStudioVersion = 16.0.31702.278
MinimumVisualStudioVersion = 10.0.40219.1
Project("{FAE04EC0-301F-11D3-BF4B-00C04F79EFBC}") = "Docker_Angular_ASP_CORE_API_Integration", "Docker_Angular_ASP_CORE_API_Integration.csproj", "{A48D159F-09C4-443C-9082-5C493AEFCF67}"
EndProject
Global
	GlobalSection(SolutionConfigurationPlatforms) = preSolution
		Debug|Any CPU = Debug|Any CPU
		Release|Any CPU = Release|Any CPU
	EndGlobalSection
	GlobalSection(ProjectConfigurationPlatforms) = postSolution
		{A48D159F-09C4-443C-9082-5C493AEFCF67}.Debug|Any CPU.ActiveCfg = Debug|Any CPU
		{A48D159F-09C4-443C-9082-5C493AEFCF67}.Debug|Any CPU.Build.0 = Debug|Any CPU
		{A48D159F-09C4-443C-9082-5C493AEFCF67}.Release|Any CPU.ActiveCfg = Release|Any CPU
		{A48D159F-09C4-443C-9082-5C493AEFCF67}.Release|Any CPU.Build.0 = Release|Any CPU
	EndGlobalSection
	GlobalSection(SolutionProperties) = preSolution
		HideSolutionNode = FALSE
	EndGlobalSection
	GlobalSection(ExtensibilityGlobals) = postSolution
		SolutionGuid = {8655237A-8070-43F2-80F0-397CA465E546}
	EndGlobalSection
EndGlobal
